dependencies:
  georgik/lua:
    component_hash: 1ab17ca24960f462aa403fc8d338c37c0cee4dbc308c7393c270746c6d979f97
    dependencies:
    - name: idf
      require: private
      version: '>=5.0.0'
    source:
      registry_url: https://components.espressif.com/
      type: service
    version: 5.4.7
  idf:
    source:
      type: idf
    version: 5.5.3
  joltwallet/littlefs:
    component_hash: dcea25bcef2de023f089f5f01e8d8c46ad1b8ffef75861ad5ffb4098555839df
    dependencies:
    - name: idf
      require: private
      version: '>=5.0'
    source:
      registry_url: https://components.espressif.com/
      type: service
    version: 1.20.4
direct_dependencies:
- georgik/lua
- idf
- joltwallet/littlefs
manifest_hash: 38839a4501d36cee74cd9be841ca43d9c312bfc4ebd38e28e09aba6d9cb340cc
target: esp32
version: 2.0.0
